
Microsoft Visual Studio Solution File, Format Version 9.00
# Visual C++ Express 2005
Project("{8BC9CEB8-8B4A-11D0-8D11-00A0C91BC942}") = "libMXF", "mxf\libMXF.vcproj", "{580F8E65-F910-46A6-8A9C-6A8E58D95E53}"
EndProject
Project("{8BC9CEB8-8B4A-11D0-8D11-00A0C91BC942}") = "test_datamodel", "test\test_datamodel\test_datamodel.vcproj", "{2A13C613-508F-4B09-B2E8-3E8D167CCD8F}"
	ProjectSection(ProjectDependencies) = postProject
		{580F8E65-F910-46A6-8A9C-6A8E58D95E53} = {580F8E65-F910-46A6-8A9C-6A8E58D95E53}
	EndProjectSection
EndProject
Project("{8BC9CEB8-8B4A-11D0-8D11-00A0C91BC942}") = "test_file", "test\test_file\test_file.vcproj", "{B8B79D37-FF8D-4130-BC67-7E16E1D9560F}"
	ProjectSection(ProjectDependencies) = postProject
		{580F8E65-F910-46A6-8A9C-6A8E58D95E53} = {580F8E65-F910-46A6-8A9C-6A8E58D95E53}
	EndProjectSection
EndProject
Project("{8BC9CEB8-8B4A-11D0-8D11-00A0C91BC942}") = "test_essencecontainer", "test\test_essencecontainer\test_essencecontainer.vcproj", "{BD37B1BF-ECA4-4798-990F-F2C842C1B73E}"
	ProjectSection(ProjectDependencies) = postProject
		{580F8E65-F910-46A6-8A9C-6A8E58D95E53} = {580F8E65-F910-46A6-8A9C-6A8E58D95E53}
	EndProjectSection
EndProject
Project("{8BC9CEB8-8B4A-11D0-8D11-00A0C91BC942}") = "test_headermetadata", "test\test_headermetadata\test_headermetadata.vcproj", "{09B5541B-340E-4778-9EBB-EAA0E721BB60}"
	ProjectSection(ProjectDependencies) = postProject
		{580F8E65-F910-46A6-8A9C-6A8E58D95E53} = {580F8E65-F910-46A6-8A9C-6A8E58D95E53}
	EndProjectSection
EndProject
Project("{8BC9CEB8-8B4A-11D0-8D11-00A0C91BC942}") = "test_indextable", "test\test_indextable\test_indextable.vcproj", "{6C45426D-C3E4-435E-AA03-052D3438B852}"
	ProjectSection(ProjectDependencies) = postProject
		{580F8E65-F910-46A6-8A9C-6A8E58D95E53} = {580F8E65-F910-46A6-8A9C-6A8E58D95E53}
	EndProjectSection
EndProject
Project("{8BC9CEB8-8B4A-11D0-8D11-00A0C91BC942}") = "test_mxf_memory_file", "test\test_mxf_memory_file\test_mxf_memory_file.vcproj", "{2EA18BBC-7578-4569-9AA6-50AB22A72975}"
	ProjectSection(ProjectDependencies) = postProject
		{580F8E65-F910-46A6-8A9C-6A8E58D95E53} = {580F8E65-F910-46A6-8A9C-6A8E58D95E53}
	EndProjectSection
EndProject
Project("{8BC9CEB8-8B4A-11D0-8D11-00A0C91BC942}") = "test_mxf_page_file", "test\test_mxf_page_file\test_mxf_page_file.vcproj", "{33FB62D2-F159-4870-98E9-E1A72010CC0D}"
	ProjectSection(ProjectDependencies) = postProject
		{580F8E65-F910-46A6-8A9C-6A8E58D95E53} = {580F8E65-F910-46A6-8A9C-6A8E58D95E53}
	EndProjectSection
EndProject
Project("{8BC9CEB8-8B4A-11D0-8D11-00A0C91BC942}") = "test_partition", "test\test_partition\test_partition.vcproj", "{06FD867F-86FD-4DA5-903A-96A1783B9048}"
	ProjectSection(ProjectDependencies) = postProject
		{580F8E65-F910-46A6-8A9C-6A8E58D95E53} = {580F8E65-F910-46A6-8A9C-6A8E58D95E53}
	EndProjectSection
EndProject
Project("{8BC9CEB8-8B4A-11D0-8D11-00A0C91BC942}") = "test_primer", "test\test_primer\test_primer.vcproj", "{086B2BAE-C7FF-48A8-B1FA-205952296453}"
	ProjectSection(ProjectDependencies) = postProject
		{580F8E65-F910-46A6-8A9C-6A8E58D95E53} = {580F8E65-F910-46A6-8A9C-6A8E58D95E53}
	EndProjectSection
EndProject
Global
	GlobalSection(SolutionConfigurationPlatforms) = preSolution
		Debug|Win32 = Debug|Win32
		Release|Win32 = Release|Win32
	EndGlobalSection
	GlobalSection(ProjectConfigurationPlatforms) = postSolution
		{580F8E65-F910-46A6-8A9C-6A8E58D95E53}.Debug|Win32.ActiveCfg = Debug|Win32
		{580F8E65-F910-46A6-8A9C-6A8E58D95E53}.Debug|Win32.Build.0 = Debug|Win32
		{580F8E65-F910-46A6-8A9C-6A8E58D95E53}.Release|Win32.ActiveCfg = Release|Win32
		{580F8E65-F910-46A6-8A9C-6A8E58D95E53}.Release|Win32.Build.0 = Release|Win32
		{2A13C613-508F-4B09-B2E8-3E8D167CCD8F}.Debug|Win32.ActiveCfg = Debug|Win32
		{2A13C613-508F-4B09-B2E8-3E8D167CCD8F}.Debug|Win32.Build.0 = Debug|Win32
		{2A13C613-508F-4B09-B2E8-3E8D167CCD8F}.Release|Win32.ActiveCfg = Release|Win32
		{2A13C613-508F-4B09-B2E8-3E8D167CCD8F}.Release|Win32.Build.0 = Release|Win32
		{B8B79D37-FF8D-4130-BC67-7E16E1D9560F}.Debug|Win32.ActiveCfg = Debug|Win32
		{B8B79D37-FF8D-4130-BC67-7E16E1D9560F}.Debug|Win32.Build.0 = Debug|Win32
		{B8B79D37-FF8D-4130-BC67-7E16E1D9560F}.Release|Win32.ActiveCfg = Release|Win32
		{B8B79D37-FF8D-4130-BC67-7E16E1D9560F}.Release|Win32.Build.0 = Release|Win32
		{BD37B1BF-ECA4-4798-990F-F2C842C1B73E}.Debug|Win32.ActiveCfg = Debug|Win32
		{BD37B1BF-ECA4-4798-990F-F2C842C1B73E}.Debug|Win32.Build.0 = Debug|Win32
		{BD37B1BF-ECA4-4798-990F-F2C842C1B73E}.Release|Win32.ActiveCfg = Release|Win32
		{BD37B1BF-ECA4-4798-990F-F2C842C1B73E}.Release|Win32.Build.0 = Release|Win32
		{09B5541B-340E-4778-9EBB-EAA0E721BB60}.Debug|Win32.ActiveCfg = Debug|Win32
		{09B5541B-340E-4778-9EBB-EAA0E721BB60}.Debug|Win32.Build.0 = Debug|Win32
		{09B5541B-340E-4778-9EBB-EAA0E721BB60}.Release|Win32.ActiveCfg = Release|Win32
		{09B5541B-340E-4778-9EBB-EAA0E721BB60}.Release|Win32.Build.0 = Release|Win32
		{6C45426D-C3E4-435E-AA03-052D3438B852}.Debug|Win32.ActiveCfg = Debug|Win32
		{6C45426D-C3E4-435E-AA03-052D3438B852}.Debug|Win32.Build.0 = Debug|Win32
		{6C45426D-C3E4-435E-AA03-052D3438B852}.Release|Win32.ActiveCfg = Release|Win32
		{6C45426D-C3E4-435E-AA03-052D3438B852}.Release|Win32.Build.0 = Release|Win32
		{2EA18BBC-7578-4569-9AA6-50AB22A72975}.Debug|Win32.ActiveCfg = Debug|Win32
		{2EA18BBC-7578-4569-9AA6-50AB22A72975}.Debug|Win32.Build.0 = Debug|Win32
		{2EA18BBC-7578-4569-9AA6-50AB22A72975}.Release|Win32.ActiveCfg = Release|Win32
		{2EA18BBC-7578-4569-9AA6-50AB22A72975}.Release|Win32.Build.0 = Release|Win32
		{33FB62D2-F159-4870-98E9-E1A72010CC0D}.Debug|Win32.ActiveCfg = Debug|Win32
		{33FB62D2-F159-4870-98E9-E1A72010CC0D}.Debug|Win32.Build.0 = Debug|Win32
		{33FB62D2-F159-4870-98E9-E1A72010CC0D}.Release|Win32.ActiveCfg = Release|Win32
		{33FB62D2-F159-4870-98E9-E1A72010CC0D}.Release|Win32.Build.0 = Release|Win32
		{06FD867F-86FD-4DA5-903A-96A1783B9048}.Debug|Win32.ActiveCfg = Debug|Win32
		{06FD867F-86FD-4DA5-903A-96A1783B9048}.Debug|Win32.Build.0 = Debug|Win32
		{06FD867F-86FD-4DA5-903A-96A1783B9048}.Release|Win32.ActiveCfg = Release|Win32
		{06FD867F-86FD-4DA5-903A-96A1783B9048}.Release|Win32.Build.0 = Release|Win32
		{086B2BAE-C7FF-48A8-B1FA-205952296453}.Debug|Win32.ActiveCfg = Debug|Win32
		{086B2BAE-C7FF-48A8-B1FA-205952296453}.Debug|Win32.Build.0 = Debug|Win32
		{086B2BAE-C7FF-48A8-B1FA-205952296453}.Release|Win32.ActiveCfg = Release|Win32
		{086B2BAE-C7FF-48A8-B1FA-205952296453}.Release|Win32.Build.0 = Release|Win32
	EndGlobalSection
	GlobalSection(SolutionProperties) = preSolution
		HideSolutionNode = FALSE
	EndGlobalSection
EndGlobal
